// !$*UTF8*$!
{
	archiveVersion = 1;
	classes = {
	};
	objectVersion = 46;
	objects = {

/* Begin PBXBuildFile section */
		F9797C541F53DC97009A8A69 /* AppDelegate.swift in Sources */ = {isa = PBXBuildFile; fileRef = F9797C531F53DC97009A8A69 /* AppDelegate.swift */; };
		F9797C561F53DC97009A8A69 /* FirstViewController.swift in Sources */ = {isa = PBXBuildFile; fileRef = F9797C551F53DC97009A8A69 /* FirstViewController.swift */; };
		F9797C581F53DC97009A8A69 /* SecondViewController.swift in Sources */ = {isa = PBXBuildFile; fileRef = F9797C571F53DC97009A8A69 /* SecondViewController.swift */; };
		F9797C5B1F53DC97009A8A69 /* Main.storyboard in Resources */ = {isa = PBXBuildFile; fileRef = F9797C591F53DC97009A8A69 /* Main.storyboard */; };
		F9797C5D1F53DC97009A8A69 /* Assets.xcassets in Resources */ = {isa = PBXBuildFile; fileRef = F9797C5C1F53DC97009A8A69 /* Assets.xcassets */; };
		F9797C601F53DC97009A8A69 /* LaunchScreen.storyboard in Resources */ = {isa = PBXBuildFile; fileRef = F9797C5E1F53DC97009A8A69 /* LaunchScreen.storyboard */; };
		F9797C6B1F53DC97009A8A69 /* PeerTests.swift in Sources */ = {isa = PBXBuildFile; fileRef = F9797C6A1F53DC97009A8A69 /* PeerTests.swift */; };
		F9797C761F53DC97009A8A69 /* PeerUITests.swift in Sources */ = {isa = PBXBuildFile; fileRef = F9797C751F53DC97009A8A69 /* PeerUITests.swift */; };
		F9797C841F53DF5A009A8A69 /* ColorServiceManager.swift in Sources */ = {isa = PBXBuildFile; fileRef = F9797C831F53DF5A009A8A69 /* ColorServiceManager.swift */; };
/* End PBXBuildFile section */

/* Begin PBXContainerItemProxy section */
		F9797C671F53DC97009A8A69 /* PBXContainerItemProxy */ = {
			isa = PBXContainerItemProxy;
			containerPortal = F9797C481F53DC96009A8A69 /* Project object */;
			proxyType = 1;
			remoteGlobalIDString = F9797C4F1F53DC97009A8A69;
			remoteInfo = Peer;
		};
		F9797C721F53DC97009A8A69 /* PBXContainerItemProxy */ = {
			isa = PBXContainerItemProxy;
			containerPortal = F9797C481F53DC96009A8A69 /* Project object */;
			proxyType = 1;
			remoteGlobalIDString = F9797C4F1F53DC97009A8A69;
			remoteInfo = Peer;
		};
/* End PBXContainerItemProxy section */

/* Begin PBXFileReference section */
		F9797C501F53DC97009A8A69 /* Peer.app */ = {isa = PBXFileReference; explicitFileType = wrapper.application; includeInIndex = 0; path = Peer.app; sourceTree = BUILT_PRODUCTS_DIR; };
		F9797C531F53DC97009A8A69 /* AppDelegate.swift */ = {isa = PBXFileReference; lastKnownFileType = sourcecode.swift; path = AppDelegate.swift; sourceTree = "<group>"; };
		F9797C551F53DC97009A8A69 /* FirstViewController.swift */ = {isa = PBXFileReference; lastKnownFileType = sourcecode.swift; path = FirstViewController.swift; sourceTree = "<group>"; };
		F9797C571F53DC97009A8A69 /* SecondViewController.swift */ = {isa = PBXFileReference; lastKnownFileType = sourcecode.swift; path = SecondViewController.swift; sourceTree = "<group>"; };
		F9797C5A1F53DC97009A8A69 /* Base */ = {isa = PBXFileReference; lastKnownFileType = file.storyboard; name = Base; path = Base.lproj/Main.storyboard; sourceTree = "<group>"; };
		F9797C5C1F53DC97009A8A69 /* Assets.xcassets */ = {isa = PBXFileReference; lastKnownFileType = folder.assetcatalog; path = Assets.xcassets; sourceTree = "<group>"; };
		F9797C5F1F53DC97009A8A69 /* Base */ = {isa = PBXFileReference; lastKnownFileType = file.storyboard; name = Base; path = Base.lproj/LaunchScreen.storyboard; sourceTree = "<group>"; };
		F9797C611F53DC97009A8A69 /* Info.plist */ = {isa = PBXFileReference; lastKnownFileType = text.plist.xml; path = Info.plist; sourceTree = "<group>"; };
		F9797C661F53DC97009A8A69 /* PeerTests.xctest */ = {isa = PBXFileReference; explicitFileType = wrapper.cfbundle; includeInIndex = 0; path = PeerTests.xctest; sourceTree = BUILT_PRODUCTS_DIR; };
		F9797C6A1F53DC97009A8A69 /* PeerTests.swift */ = {isa = PBXFileReference; lastKnownFileType = sourcecode.swift; path = PeerTests.swift; sourceTree = "<group>"; };
		F9797C6C1F53DC97009A8A69 /* Info.plist */ = {isa = PBXFileReference; lastKnownFileType = text.plist.xml; path = Info.plist; sourceTree = "<group>"; };
		F9797C711F53DC97009A8A69 /* PeerUITests.xctest */ = {isa = PBXFileReference; explicitFileType = wrapper.cfbundle; includeInIndex = 0; path = PeerUITests.xctest; sourceTree = BUILT_PRODUCTS_DIR; };
		F9797C751F53DC97009A8A69 /* PeerUITests.swift */ = {isa = PBXFileReference; lastKnownFileType = sourcecode.swift; path = PeerUITests.swift; sourceTree = "<group>"; };
		F9797C771F53DC97009A8A69 /* Info.plist */ = {isa = PBXFileReference; lastKnownFileType = text.plist.xml; path = Info.plist; sourceTree = "<group>"; };
		F9797C831F53DF5A009A8A69 /* ColorServiceManager.swift */ = {isa = PBXFileReference; fileEncoding = 4; lastKnownFileType = sourcecode.swift; path = ColorServiceManager.swift; sourceTree = "<group>"; };
/* End PBXFileReference section */

/* Begin PBXFrameworksBuildPhase section */
		F9797C4D1F53DC97009A8A69 /* Frameworks */ = {
			isa = PBXFrameworksBuildPhase;
			buildActionMask = 2147483647;
			files = (
			);
			runOnlyForDeploymentPostprocessing = 0;
		};
		F9797C631F53DC97009A8A69 /* Frameworks */ = {
			isa = PBXFrameworksBuildPhase;
			buildActionMask = 2147483647;
			files = (
			);
			runOnlyForDeploymentPostprocessing = 0;
		};
		F9797C6E1F53DC97009A8A69 /* Frameworks */ = {
			isa = PBXFrameworksBuildPhase;
			buildActionMask = 2147483647;
			files = (
			);
			runOnlyForDeploymentPostprocessing = 0;
		};
/* End PBXFrameworksBuildPhase section */

/* Begin PBXGroup section */
		F9797C471F53DC96009A8A69 = {
			isa = PBXGroup;
			children = (
				F9797C521F53DC97009A8A69 /* Peer */,
				F9797C691F53DC97009A8A69 /* PeerTests */,
				F9797C741F53DC97009A8A69 /* PeerUITests */,
				F9797C511F53DC97009A8A69 /* Products */,
			);
			sourceTree = "<group>";
		};
		F9797C511F53DC97009A8A69 /* Products */ = {
			isa = PBXGroup;
			children = (
				F9797C501F53DC97009A8A69 /* Peer.app */,
				F9797C661F53DC97009A8A69 /* PeerTests.xctest */,
				F9797C711F53DC97009A8A69 /* PeerUITests.xctest */,
			);
			name = Products;
			sourceTree = "<group>";
		};
		F9797C521F53DC97009A8A69 /* Peer */ = {
			isa = PBXGroup;
			children = (
				F9797C531F53DC97009A8A69 /* AppDelegate.swift */,
				F9797C551F53DC97009A8A69 /* FirstViewController.swift */,
				F9797C571F53DC97009A8A69 /* SecondViewController.swift */,
				F9797C591F53DC97009A8A69 /* Main.storyboard */,
				F9797C5C1F53DC97009A8A69 /* Assets.xcassets */,
				F9797C5E1F53DC97009A8A69 /* LaunchScreen.storyboard */,
				F9797C611F53DC97009A8A69 /* Info.plist */,
				F9797C831F53DF5A009A8A69 /* ColorServiceManager.swift */,
			);
			path = Peer;
			sourceTree = "<group>";
		};
		F9797C691F53DC97009A8A69 /* PeerTests */ = {
			isa = PBXGroup;
			children = (
				F9797C6A1F53DC97009A8A69 /* PeerTests.swift */,
				F9797C6C1F53DC97009A8A69 /* Info.plist */,
			);
			path = PeerTests;
			sourceTree = "<group>";
		};
		F9797C741F53DC97009A8A69 /* PeerUITests */ = {
			isa = PBXGroup;
			children = (
				F9797C751F53DC97009A8A69 /* PeerUITests.swift */,
				F9797C771F53DC97009A8A69 /* Info.plist */,
			);
			path = PeerUITests;
			sourceTree = "<group>";
		};
/* End PBXGroup section */

/* Begin PBXNativeTarget section */
		F9797C4F1F53DC97009A8A69 /* Peer */ = {
			isa = PBXNativeTarget;
			buildConfigurationList = F9797C7A1F53DC97009A8A69 /* Build configuration list for PBXNativeTarget "Peer" */;
			buildPhases = (
				F9797C4C1F53DC97009A8A69 /* Sources */,
				F9797C4D1F53DC97009A8A69 /* Frameworks */,
				F9797C4E1F53DC97009A8A69 /* Resources */,
			);
			buildRules = (
			);
			dependencies = (
			);
			name = Peer;
			productName = Peer;
			productReference = F9797C501F53DC97009A8A69 /* Peer.app */;
			productType = "com.apple.product-type.application";
		};
		F9797C651F53DC97009A8A69 /* PeerTests */ = {
			isa = PBXNativeTarget;
			buildConfigurationList = F9797C7D1F53DC97009A8A69 /* Build configuration list for PBXNativeTarget "PeerTests" */;
			buildPhases = (
				F9797C621F53DC97009A8A69 /* Sources */,
				F9797C631F53DC97009A8A69 /* Frameworks */,
				F9797C641F53DC97009A8A69 /* Resources */,
			);
			buildRules = (
			);
			dependencies = (
				F9797C681F53DC97009A8A69 /* PBXTargetDependency */,
			);
			name = PeerTests;
			productName = PeerTests;
			productReference = F9797C661F53DC97009A8A69 /* PeerTests.xctest */;
			productType = "com.apple.product-type.bundle.unit-test";
		};
		F9797C701F53DC97009A8A69 /* PeerUITests */ = {
			isa = PBXNativeTarget;
			buildConfigurationList = F9797C801F53DC97009A8A69 /* Build configuration list for PBXNativeTarget "PeerUITests" */;
			buildPhases = (
				F9797C6D1F53DC97009A8A69 /* Sources */,
				F9797C6E1F53DC97009A8A69 /* Frameworks */,
				F9797C6F1F53DC97009A8A69 /* Resources */,
			);
			buildRules = (
			);
			dependencies = (
				F9797C731F53DC97009A8A69 /* PBXTargetDependency */,
			);
			name = PeerUITests;
			productName = PeerUITests;
			productReference = F9797C711F53DC97009A8A69 /* PeerUITests.xctest */;
			productType = "com.apple.product-type.bundle.ui-testing";
		};
/* End PBXNativeTarget section */

/* Begin PBXProject section */
		F9797C481F53DC96009A8A69 /* Project object */ = {
			isa = PBXProject;
			attributes = {
				LastSwiftUpdateCheck = 0830;
				LastUpgradeCheck = 0830;
				ORGANIZATIONNAME = yama3;
				TargetAttributes = {
					F9797C4F1F53DC97009A8A69 = {
						CreatedOnToolsVersion = 8.3.3;
						DevelopmentTeam = FKWJ4GR9P4;
						ProvisioningStyle = Automatic;
					};
					F9797C651F53DC97009A8A69 = {
						CreatedOnToolsVersion = 8.3.3;
						DevelopmentTeam = 462G5P4C3Z;
						ProvisioningStyle = Automatic;
						TestTargetID = F9797C4F1F53DC97009A8A69;
					};
					F9797C701F53DC97009A8A69 = {
						CreatedOnToolsVersion = 8.3.3;
						DevelopmentTeam = 462G5P4C3Z;
						ProvisioningStyle = Automatic;
						TestTargetID = F9797C4F1F53DC97009A8A69;
					};
				};
			};
			buildConfigurationList = F9797C4B1F53DC96009A8A69 /* Build configuration list for PBXProject "Peer" */;
			compatibilityVersion = "Xcode 3.2";
			developmentRegion = English;
			hasScannedForEncodings = 0;
			knownRegions = (
				en,
				Base,
			);
			mainGroup = F9797C471F53DC96009A8A69;
			productRefGroup = F9797C511F53DC97009A8A69 /* Products */;
			projectDirPath = "";
			projectRoot = "";
			targets = (
				F9797C4F1F53DC97009A8A69 /* Peer */,
				F9797C651F53DC97009A8A69 /* PeerTests */,
				F9797C701F53DC97009A8A69 /* PeerUITests */,
			);
		};
/* End PBXProject section */

/* Begin PBXResourcesBuildPhase section */
		F9797C4E1F53DC97009A8A69 /* Resources */ = {
			isa = PBXResourcesBuildPhase;
			buildActionMask = 2147483647;
			files = (
				F9797C601F53DC97009A8A69 /* LaunchScreen.storyboard in Resources */,
				F9797C5D1F53DC97009A8A69 /* Assets.xcassets in Resources */,
				F9797C5B1F53DC97009A8A69 /* Main.storyboard in Resources */,
			);
			runOnlyForDeploymentPostprocessing = 0;
		};
		F9797C641F53DC97009A8A69 /* Resources */ = {
			isa = PBXResourcesBuildPhase;
			buildActionMask = 2147483647;
			files = (
			);
			runOnlyForDeploymentPostprocessing = 0;
		};
		F9797C6F1F53DC97009A8A69 /* Resources */ = {
			isa = PBXResourcesBuildPhase;
			buildActionMask = 2147483647;
			files = (
			);
			runOnlyForDeploymentPostprocessing = 0;
		};
/* End PBXResourcesBuildPhase section */

/* Begin PBXSourcesBuildPhase section */
		F9797C4C1F53DC97009A8A69 /* Sources */ = {
			isa = PBXSourcesBuildPhase;
			buildActionMask = 2147483647;
			files = (
				F9797C581F53DC97009A8A69 /* SecondViewController.swift in Sources */,
				F9797C541F53DC97009A8A69 /* AppDelegate.swift in Sources */,
				F9797C561F53DC97009A8A69 /* FirstViewController.swift in Sources */,
				F9797C841F53DF5A009A8A69 /* ColorServiceManager.swift in Sources */,
			);
			runOnlyForDeploymentPostprocessing = 0;
		};
		F9797C621F53DC97009A8A69 /* Sources */ = {
			isa = PBXSourcesBuildPhase;
			buildActionMask = 2147483647;
			files = (
				F9797C6B1F53DC97009A8A69 /* PeerTests.swift in Sources */,
			);
			runOnlyForDeploymentPostprocessing = 0;
		};
		F9797C6D1F53DC97009A8A69 /* Sources */ = {
			isa = PBXSourcesBuildPhase;
			buildActionMask = 2147483647;
			files = (
				F9797C761F53DC97009A8A69 /* PeerUITests.swift in Sources */,
			);
			runOnlyForDeploymentPostprocessing = 0;
		};
/* End PBXSourcesBuildPhase section */

/* Begin PBXTargetDependency section */
		F9797C681F53DC97009A8A69 /* PBXTargetDependency */ = {
			isa = PBXTargetDependency;
			target = F9797C4F1F53DC97009A8A69 /* Peer */;
			targetProxy = F9797C671F53DC97009A8A69 /* PBXContainerItemProxy */;
		};
		F9797C731F53DC97009A8A69 /* PBXTargetDependency */ = {
			isa = PBXTargetDependency;
			target = F9797C4F1F53DC97009A8A69 /* Peer */;
			targetProxy = F9797C721F53DC97009A8A69 /* PBXContainerItemProxy */;
		};
/* End PBXTargetDependency section */

/* Begin PBXVariantGroup section */
		F9797C591F53DC97009A8A69 /* Main.storyboard */ = {
			isa = PBXVariantGroup;
			children = (
				F9797C5A1F53DC97009A8A69 /* Base */,
			);
			name = Main.storyboard;
			sourceTree = "<group>";
		};
		F9797C5E1F53DC97009A8A69 /* LaunchScreen.storyboard */ = {
			isa = PBXVariantGroup;
			children = (
				F9797C5F1F53DC97009A8A69 /* Base */,
			);
			name = LaunchScreen.storyboard;
			sourceTree = "<group>";
		};
/* End PBXVariantGroup section */

/* Begin XCBuildConfiguration section */
		F9797C781F53DC97009A8A69 /* Debug */ = {
			isa = XCBuildConfiguration;
			buildSettings = {
				ALWAYS_SEARCH_USER_PATHS = NO;
				CLANG_ANALYZER_NONNULL = YES;
				CLANG_ANALYZER_NUMBER_OBJECT_CONVERSION = YES_AGGRESSIVE;
				CLANG_CXX_LANGUAGE_STANDARD = "gnu++0x";
				CLANG_CXX_LIBRARY = "libc++";
				CLANG_ENABLE_MODULES = YES;
				CLANG_ENABLE_OBJC_ARC = YES;
				CLANG_WARN_BOOL_CONVERSION = YES;
				CLANG_WARN_CONSTANT_CONVERSION = YES;
				CLANG_WARN_DIRECT_OBJC_ISA_USAGE = YES_ERROR;
				CLANG_WARN_DOCUMENTATION_COMMENTS = YES;
				CLANG_WARN_EMPTY_BODY = YES;
				CLANG_WARN_ENUM_CONVERSION = YES;
				CLANG_WARN_INFINITE_RECURSION = YES;
				CLANG_WARN_INT_CONVERSION = YES;
				CLANG_WARN_OBJC_ROOT_CLASS = YES_ERROR;
				CLANG_WARN_SUSPICIOUS_MOVE = YES;
				CLANG_WARN_UNREACHABLE_CODE = YES;
				CLANG_WARN__DUPLICATE_METHOD_MATCH = YES;
				"CODE_SIGN_IDENTITY[sdk=iphoneos*]" = "iPhone Developer";
				COPY_PHASE_STRIP = NO;
				DEBUG_INFORMATION_FORMAT = dwarf;
				ENABLE_STRICT_OBJC_MSGSEND = YES;
				ENABLE_TESTABILITY = YES;
				GCC_C_LANGUAGE_STANDARD = gnu99;
				GCC_DYNAMIC_NO_PIC = NO;
				GCC_NO_COMMON_BLOCKS = YES;
				GCC_OPTIMIZATION_LEVEL = 0;
				GCC_PREPROCESSOR_DEFINITIONS = (
					"DEBUG=1",
					"$(inherited)",
				);
				GCC_WARN_64_TO_32_BIT_CONVERSION = YES;
				GCC_WARN_ABOUT_RETURN_TYPE = YES_ERROR;
				GCC_WARN_UNDECLARED_SELECTOR = YES;
				GCC_WARN_UNINITIALIZED_AUTOS = YES_AGGRESSIVE;
				GCC_WARN_UNUSED_FUNCTION = YES;
				GCC_WARN_UNUSED_VARIABLE = YES;
				IPHONEOS_DEPLOYMENT_TARGET = 10.3;
				MTL_ENABLE_DEBUG_INFO = YES;
				ONLY_ACTIVE_ARCH = YES;
				SDKROOT = iphoneos;
				SWIFT_ACTIVE_COMPILATION_CONDITIONS = DEBUG;
				SWIFT_OPTIMIZATION_LEVEL = "-Onone";
				TARGETED_DEVICE_FAMILY = "1,2";
			};
			name = Debug;
		};
		F9797C791F53DC97009A8A69 /* Release */ = {
			isa = XCBuildConfiguration;
			buildSettings = {
				ALWAYS_SEARCH_USER_PATHS = NO;
				CLANG_ANALYZER_NONNULL = YES;
				CLANG_ANALYZER_NUMBER_OBJECT_CONVERSION = YES_AGGRESSIVE;
				CLANG_CXX_LANGUAGE_STANDARD = "gnu++0x";
				CLANG_CXX_LIBRARY = "libc++";
				CLANG_ENABLE_MODULES = YES;
				CLANG_ENABLE_OBJC_ARC = YES;
				CLANG_WARN_BOOL_CONVERSION = YES;
				CLANG_WARN_CONSTANT_CONVERSION = YES;
				CLANG_WARN_DIRECT_OBJC_ISA_USAGE = YES_ERROR;
				CLANG_WARN_DOCUMENTATION_COMMENTS = YES;
				CLANG_WARN_EMPTY_BODY = YES;
				CLANG_WARN_ENUM_CONVERSION = YES;
				CLANG_WARN_INFINITE_RECURSION = YES;
				CLANG_WARN_INT_CONVERSION = YES;
				CLANG_WARN_OBJC_ROOT_CLASS = YES_ERROR;
				CLANG_WARN_SUSPICIOUS_MOVE = YES;
				CLANG_WARN_UNREACHABLE_CODE = YES;
				CLANG_WARN__DUPLICATE_METHOD_MATCH = YES;
				"CODE_SIGN_IDENTITY[sdk=iphoneos*]" = "iPhone Developer";
				COPY_PHASE_STRIP = NO;
				DEBUG_INFORMATION_FORMAT = "dwarf-with-dsym";
				ENABLE_NS_ASSERTIONS = NO;
				ENABLE_STRICT_OBJC_MSGSEND = YES;
				GCC_C_LANGUAGE_STANDARD = gnu99;
				GCC_NO_COMMON_BLOCKS = YES;
				GCC_WARN_64_TO_32_BIT_CONVERSION = YES;
				GCC_WARN_ABOUT_RETURN_TYPE = YES_ERROR;
				GCC_WARN_UNDECLARED_SELECTOR = YES;
				GCC_WARN_UNINITIALIZED_AUTOS = YES_AGGRESSIVE;
				GCC_WARN_UNUSED_FUNCTION = YES;
				GCC_WARN_UNUSED_VARIABLE = YES;
				IPHONEOS_DEPLOYMENT_TARGET = 10.3;
				MTL_ENABLE_DEBUG_INFO = NO;
				SDKROOT = iphoneos;
				SWIFT_OPTIMIZATION_LEVEL = "-Owholemodule";
				TARGETED_DEVICE_FAMILY = "1,2";
				VALIDATE_PRODUCT = YES;
			};
			name = Release;
		};
		F9797C7B1F53DC97009A8A69 /* Debug */ = {
			isa = XCBuildConfiguration;
			buildSettings = {
				ASSETCATALOG_COMPILER_APPICON_NAME = AppIcon;
				DEVELOPMENT_TEAM = FKWJ4GR9P4;
				INFOPLIST_FILE = Peer/Info.plist;
				IPHONEOS_DEPLOYMENT_TARGET = 9.3;
				LD_RUNPATH_SEARCH_PATHS = "$(inherited) @executable_path/Frameworks";
				PRODUCT_BUNDLE_IDENTIFIER = yama3.Peer;
				PRODUCT_NAME = "$(TARGET_NAME)";
				SWIFT_VERSION = 3.0;
			};
			name = Debug;
		};
		F9797C7C1F53DC97009A8A69 /* Release */ = {
			isa = XCBuildConfiguration;
			buildSettings = {
				ASSETCATALOG_COMPILER_APPICON_NAME = AppIcon;
				DEVELOPMENT_TEAM = FKWJ4GR9P4;
				INFOPLIST_FILE = Peer/Info.plist;
				IPHONEOS_DEPLOYMENT_TARGET = 9.3;
				LD_RUNPATH_SEARCH_PATHS = "$(inherited) @executable_path/Frameworks";
				PRODUCT_BUNDLE_IDENTIFIER = yama3.Peer;
				PRODUCT_NAME = "$(TARGET_NAME)";
				SWIFT_VERSION = 3.0;
			};
			name = Release;
		};
		F9797C7E1F53DC97009A8A69 /* Debug */ = {
			isa = XCBuildConfiguration;
			buildSettings = {
				ALWAYS_EMBED_SWIFT_STANDARD_LIBRARIES = YES;
				BUNDLE_LOADER = "$(TEST_HOST)";
				DEVELOPMENT_TEAM = 462G5P4C3Z;
				INFOPLIST_FILE = PeerTests/Info.plist;
				LD_RUNPATH_SEARCH_PATHS = "$(inherited) @executable_path/Frameworks @loader_path/Frameworks";
				PRODUCT_BUNDLE_IDENTIFIER = yama3.PeerTests;
				PRODUCT_NAME = "$(TARGET_NAME)";
				SWIFT_VERSION = 3.0;
				TEST_HOST = "$(BUILT_PRODUCTS_DIR)/Peer.app/Peer";
			};
			name = Debug;
		};
		F9797C7F1F53DC97009A8A69 /* Release */ = {
			isa = XCBuildConfiguration;
			buildSettings = {
				ALWAYS_EMBED_SWIFT_STANDARD_LIBRARIES = YES;
				BUNDLE_LOADER = "$(TEST_HOST)";
				DEVELOPMENT_TEAM = 462G5P4C3Z;
				INFOPLIST_FILE = PeerTests/Info.plist;
				LD_RUNPATH_SEARCH_PATHS = "$(inherited) @executable_path/Frameworks @loader_path/Frameworks";
				PRODUCT_BUNDLE_IDENTIFIER = yama3.PeerTests;
				PRODUCT_NAME = "$(TARGET_NAME)";
				SWIFT_VERSION = 3.0;
				TEST_HOST = "$(BUILT_PRODUCTS_DIR)/Peer.app/Peer";
			};
			name = Release;
		};
		F9797C811F53DC97009A8A69 /* Debug */ = {
			isa = XCBuildConfiguration;
			buildSettings = {
				ALWAYS_EMBED_SWIFT_STANDARD_LIBRARIES = YES;
				DEVELOPMENT_TEAM = 462G5P4C3Z;
				INFOPLIST_FILE = PeerUITests/Info.plist;
				LD_RUNPATH_SEARCH_PATHS = "$(inherited) @executable_path/Frameworks @loader_path/Frameworks";
				PRODUCT_BUNDLE_IDENTIFIER = yama3.PeerUITests;
				PRODUCT_NAME = "$(TARGET_NAME)";
				SWIFT_VERSION = 3.0;
				TEST_TARGET_NAME = Peer;
			};
			name = Debug;
		};
		F9797C821F53DC97009A8A69 /* Release */ = {
			isa = XCBuildConfiguration;
			buildSettings = {
				ALWAYS_EMBED_SWIFT_STANDARD_LIBRARIES = YES;
				DEVELOPMENT_TEAM = 462G5P4C3Z;
				INFOPLIST_FILE = PeerUITests/Info.plist;
				LD_RUNPATH_SEARCH_PATHS = "$(inherited) @executable_path/Frameworks @loader_path/Frameworks";
				PRODUCT_BUNDLE_IDENTIFIER = yama3.PeerUITests;
				PRODUCT_NAME = "$(TARGET_NAME)";
				SWIFT_VERSION = 3.0;
				TEST_TARGET_NAME = Peer;
			};
			name = Release;
		};
/* End XCBuildConfiguration section */

/* Begin XCConfigurationList section */
		F9797C4B1F53DC96009A8A69 /* Build configuration list for PBXProject "Peer" */ = {
			isa = XCConfigurationList;
			buildConfigurations = (
				F9797C781F53DC97009A8A69 /* Debug */,
				F9797C791F53DC97009A8A69 /* Release */,
			);
			defaultConfigurationIsVisible = 0;
			defaultConfigurationName = Release;
		};
		F9797C7A1F53DC97009A8A69 /* Build configuration list for PBXNativeTarget "Peer" */ = {
			isa = XCConfigurationList;
			buildConfigurations = (
				F9797C7B1F53DC97009A8A69 /* Debug */,
				F9797C7C1F53DC97009A8A69 /* Release */,
			);
			defaultConfigurationIsVisible = 0;
		};
		F9797C7D1F53DC97009A8A69 /* Build configuration list for PBXNativeTarget "PeerTests" */ = {
			isa = XCConfigurationList;
			buildConfigurations = (
				F9797C7E1F53DC97009A8A69 /* Debug */,
				F9797C7F1F53DC97009A8A69 /* Release */,
			);
			defaultConfigurationIsVisible = 0;
		};
		F9797C801F53DC97009A8A69 /* Build configuration list for PBXNativeTarget "PeerUITests" */ = {
			isa = XCConfigurationList;
			buildConfigurations = (
				F9797C811F53DC97009A8A69 /* Debug */,
				F9797C821F53DC97009A8A69 /* Release */,
			);
			defaultConfigurationIsVisible = 0;
		};
/* End XCConfigurationList section */
	};
	rootObject = F9797C481F53DC96009A8A69 /* Project object */;
}
